// !$*UTF8*$!
{
	archiveVersion = 1;
	classes = {
	};
	objectVersion = 50;
	objects = {

/* Begin PBXBuildFile section */
		2A05F26C253BB480001EA2AB /* NetworkManager.swift in Sources */ = {isa = PBXBuildFile; fileRef = 2A05F26B253BB480001EA2AB /* NetworkManager.swift */; };
		2A6C4B70253D11CD0053776D /* Constants.swift in Sources */ = {isa = PBXBuildFile; fileRef = 2A6C4B6F253D11CD0053776D /* Constants.swift */; };
		2A6C4B73253E1F270053776D /* GFItemInfoView.swift in Sources */ = {isa = PBXBuildFile; fileRef = 2A6C4B72253E1F270053776D /* GFItemInfoView.swift */; };
		2A6C4B76253E24600053776D /* GFItemInfoVC.swift in Sources */ = {isa = PBXBuildFile; fileRef = 2A6C4B75253E24600053776D /* GFItemInfoVC.swift */; };
		2ACAB6CB253CA4750074E28B /* FollowerCell.swift in Sources */ = {isa = PBXBuildFile; fileRef = 2ACAB6CA253CA4740074E28B /* FollowerCell.swift */; };
		2ACAB6D0253CA5750074E28B /* GFAvatarImageView.swift in Sources */ = {isa = PBXBuildFile; fileRef = 2ACAB6CF253CA5750074E28B /* GFAvatarImageView.swift */; };
		2ACAB6D3253CC8F10074E28B /* UIHelper.swift in Sources */ = {isa = PBXBuildFile; fileRef = 2ACAB6D2253CC8F10074E28B /* UIHelper.swift */; };
		2ACAB6DC253CE20E0074E28B /* GFEmptyStateView.swift in Sources */ = {isa = PBXBuildFile; fileRef = 2ACAB6DB253CE20E0074E28B /* GFEmptyStateView.swift */; };
		2ACAB6E0253CF80E0074E28B /* UserInfoVC.swift in Sources */ = {isa = PBXBuildFile; fileRef = 2ACAB6DF253CF80D0074E28B /* UserInfoVC.swift */; };
		2ACAB6E4253D00FA0074E28B /* GFError.swift in Sources */ = {isa = PBXBuildFile; fileRef = 2ACAB6E3253D00FA0074E28B /* GFError.swift */; };
		2ACAB6E7253D06A10074E28B /* GFUserInfoHeaderVC.swift in Sources */ = {isa = PBXBuildFile; fileRef = 2ACAB6E6253D06A00074E28B /* GFUserInfoHeaderVC.swift */; };
		2ACAB6EA253D07000074E28B /* GFSecondaryTitleLabel.swift in Sources */ = {isa = PBXBuildFile; fileRef = 2ACAB6E9253D07000074E28B /* GFSecondaryTitleLabel.swift */; };
		2AD85580253B498600EB759B /* AppDelegate.swift in Sources */ = {isa = PBXBuildFile; fileRef = 2AD8557F253B498600EB759B /* AppDelegate.swift */; };
		2AD85582253B498600EB759B /* SceneDelegate.swift in Sources */ = {isa = PBXBuildFile; fileRef = 2AD85581253B498600EB759B /* SceneDelegate.swift */; };
		2AD85589253B498A00EB759B /* Assets.xcassets in Resources */ = {isa = PBXBuildFile; fileRef = 2AD85588253B498A00EB759B /* Assets.xcassets */; };
		2AD8558C253B498A00EB759B /* LaunchScreen.storyboard in Resources */ = {isa = PBXBuildFile; fileRef = 2AD8558A253B498A00EB759B /* LaunchScreen.storyboard */; };
		2AD85598253B552C00EB759B /* SearchVC.swift in Sources */ = {isa = PBXBuildFile; fileRef = 2AD85597253B552C00EB759B /* SearchVC.swift */; };
		2AD8559C253B556300EB759B /* FavoritesListVC.swift in Sources */ = {isa = PBXBuildFile; fileRef = 2AD8559B253B556300EB759B /* FavoritesListVC.swift */; };
		2AD855A0253B662100EB759B /* GFButton.swift in Sources */ = {isa = PBXBuildFile; fileRef = 2AD8559F253B662100EB759B /* GFButton.swift */; };
		2AD855A3253B6B7500EB759B /* GFTextField.swift in Sources */ = {isa = PBXBuildFile; fileRef = 2AD855A2253B6B7500EB759B /* GFTextField.swift */; };
		2AD855A6253B83E900EB759B /* FollowerListVC.swift in Sources */ = {isa = PBXBuildFile; fileRef = 2AD855A5253B83E900EB759B /* FollowerListVC.swift */; };
		2AD855A9253B918F00EB759B /* GFTitleLabel.swift in Sources */ = {isa = PBXBuildFile; fileRef = 2AD855A8253B918F00EB759B /* GFTitleLabel.swift */; };
		2AD855AC253B93A900EB759B /* GFBodyLabel.swift in Sources */ = {isa = PBXBuildFile; fileRef = 2AD855AB253B93A900EB759B /* GFBodyLabel.swift */; };
		2AD855AF253B962F00EB759B /* GFAlertVC.swift in Sources */ = {isa = PBXBuildFile; fileRef = 2AD855AE253B962F00EB759B /* GFAlertVC.swift */; };
		2AD855B2253B9D6D00EB759B /* GFContainerView.swift in Sources */ = {isa = PBXBuildFile; fileRef = 2AD855B1253B9D6D00EB759B /* GFContainerView.swift */; };
		2AD855B6253B9F2200EB759B /* UIViewController+Extension.swift in Sources */ = {isa = PBXBuildFile; fileRef = 2AD855B5253B9F2200EB759B /* UIViewController+Extension.swift */; };
		2AD855BF253BAAF900EB759B /* Follower.swift in Sources */ = {isa = PBXBuildFile; fileRef = 2AD855BE253BAAF900EB759B /* Follower.swift */; };
		2AD855C3253BAEA800EB759B /* User.swift in Sources */ = {isa = PBXBuildFile; fileRef = 2AD855C2253BAEA800EB759B /* User.swift */; };
/* End PBXBuildFile section */

/* Begin PBXFileReference section */
		2A05F26B253BB480001EA2AB /* NetworkManager.swift */ = {isa = PBXFileReference; lastKnownFileType = sourcecode.swift; path = NetworkManager.swift; sourceTree = "<group>"; };
		2A6C4B6F253D11CD0053776D /* Constants.swift */ = {isa = PBXFileReference; lastKnownFileType = sourcecode.swift; path = Constants.swift; sourceTree = "<group>"; };
		2A6C4B72253E1F270053776D /* GFItemInfoView.swift */ = {isa = PBXFileReference; lastKnownFileType = sourcecode.swift; path = GFItemInfoView.swift; sourceTree = "<group>"; };
		2A6C4B75253E24600053776D /* GFItemInfoVC.swift */ = {isa = PBXFileReference; lastKnownFileType = sourcecode.swift; path = GFItemInfoVC.swift; sourceTree = "<group>"; };
		2ACAB6CA253CA4740074E28B /* FollowerCell.swift */ = {isa = PBXFileReference; lastKnownFileType = sourcecode.swift; path = FollowerCell.swift; sourceTree = "<group>"; };
		2ACAB6CF253CA5750074E28B /* GFAvatarImageView.swift */ = {isa = PBXFileReference; lastKnownFileType = sourcecode.swift; path = GFAvatarImageView.swift; sourceTree = "<group>"; };
		2ACAB6D2253CC8F10074E28B /* UIHelper.swift */ = {isa = PBXFileReference; lastKnownFileType = sourcecode.swift; path = UIHelper.swift; sourceTree = "<group>"; };
		2ACAB6DB253CE20E0074E28B /* GFEmptyStateView.swift */ = {isa = PBXFileReference; lastKnownFileType = sourcecode.swift; path = GFEmptyStateView.swift; sourceTree = "<group>"; };
		2ACAB6DF253CF80D0074E28B /* UserInfoVC.swift */ = {isa = PBXFileReference; lastKnownFileType = sourcecode.swift; path = UserInfoVC.swift; sourceTree = "<group>"; };
		2ACAB6E3253D00FA0074E28B /* GFError.swift */ = {isa = PBXFileReference; lastKnownFileType = sourcecode.swift; path = GFError.swift; sourceTree = "<group>"; };
		2ACAB6E6253D06A00074E28B /* GFUserInfoHeaderVC.swift */ = {isa = PBXFileReference; lastKnownFileType = sourcecode.swift; path = GFUserInfoHeaderVC.swift; sourceTree = "<group>"; };
		2ACAB6E9253D07000074E28B /* GFSecondaryTitleLabel.swift */ = {isa = PBXFileReference; lastKnownFileType = sourcecode.swift; path = GFSecondaryTitleLabel.swift; sourceTree = "<group>"; };
		2AD8557C253B498600EB759B /* GitHubFollowers.app */ = {isa = PBXFileReference; explicitFileType = wrapper.application; includeInIndex = 0; path = GitHubFollowers.app; sourceTree = BUILT_PRODUCTS_DIR; };
		2AD8557F253B498600EB759B /* AppDelegate.swift */ = {isa = PBXFileReference; lastKnownFileType = sourcecode.swift; path = AppDelegate.swift; sourceTree = "<group>"; };
		2AD85581253B498600EB759B /* SceneDelegate.swift */ = {isa = PBXFileReference; lastKnownFileType = sourcecode.swift; path = SceneDelegate.swift; sourceTree = "<group>"; };
		2AD85588253B498A00EB759B /* Assets.xcassets */ = {isa = PBXFileReference; lastKnownFileType = folder.assetcatalog; path = Assets.xcassets; sourceTree = "<group>"; };
		2AD8558B253B498A00EB759B /* Base */ = {isa = PBXFileReference; lastKnownFileType = file.storyboard; name = Base; path = Base.lproj/LaunchScreen.storyboard; sourceTree = "<group>"; };
		2AD8558D253B498A00EB759B /* Info.plist */ = {isa = PBXFileReference; lastKnownFileType = text.plist.xml; path = Info.plist; sourceTree = "<group>"; };
		2AD85597253B552C00EB759B /* SearchVC.swift */ = {isa = PBXFileReference; lastKnownFileType = sourcecode.swift; path = SearchVC.swift; sourceTree = "<group>"; };
		2AD8559B253B556300EB759B /* FavoritesListVC.swift */ = {isa = PBXFileReference; lastKnownFileType = sourcecode.swift; path = FavoritesListVC.swift; sourceTree = "<group>"; };
		2AD8559F253B662100EB759B /* GFButton.swift */ = {isa = PBXFileReference; lastKnownFileType = sourcecode.swift; path = GFButton.swift; sourceTree = "<group>"; };
		2AD855A2253B6B7500EB759B /* GFTextField.swift */ = {isa = PBXFileReference; lastKnownFileType = sourcecode.swift; path = GFTextField.swift; sourceTree = "<group>"; };
		2AD855A5253B83E900EB759B /* FollowerListVC.swift */ = {isa = PBXFileReference; lastKnownFileType = sourcecode.swift; path = FollowerListVC.swift; sourceTree = "<group>"; };
		2AD855A8253B918F00EB759B /* GFTitleLabel.swift */ = {isa = PBXFileReference; lastKnownFileType = sourcecode.swift; path = GFTitleLabel.swift; sourceTree = "<group>"; };
		2AD855AB253B93A900EB759B /* GFBodyLabel.swift */ = {isa = PBXFileReference; lastKnownFileType = sourcecode.swift; path = GFBodyLabel.swift; sourceTree = "<group>"; };
		2AD855AE253B962F00EB759B /* GFAlertVC.swift */ = {isa = PBXFileReference; lastKnownFileType = sourcecode.swift; path = GFAlertVC.swift; sourceTree = "<group>"; };
		2AD855B1253B9D6D00EB759B /* GFContainerView.swift */ = {isa = PBXFileReference; lastKnownFileType = sourcecode.swift; path = GFContainerView.swift; sourceTree = "<group>"; };
		2AD855B5253B9F2200EB759B /* UIViewController+Extension.swift */ = {isa = PBXFileReference; lastKnownFileType = sourcecode.swift; path = "UIViewController+Extension.swift"; sourceTree = "<group>"; };
		2AD855BE253BAAF900EB759B /* Follower.swift */ = {isa = PBXFileReference; lastKnownFileType = sourcecode.swift; path = Follower.swift; sourceTree = "<group>"; };
		2AD855C2253BAEA800EB759B /* User.swift */ = {isa = PBXFileReference; lastKnownFileType = sourcecode.swift; path = User.swift; sourceTree = "<group>"; };
/* End PBXFileReference section */

/* Begin PBXFrameworksBuildPhase section */
		2AD85579253B498600EB759B /* Frameworks */ = {
			isa = PBXFrameworksBuildPhase;
			buildActionMask = 2147483647;
			files = (
			);
			runOnlyForDeploymentPostprocessing = 0;
		};
/* End PBXFrameworksBuildPhase section */

/* Begin PBXGroup section */
		2A05F26A253BB465001EA2AB /* Managers */ = {
			isa = PBXGroup;
			children = (
				2A05F26B253BB480001EA2AB /* NetworkManager.swift */,
			);
			path = Managers;
			sourceTree = "<group>";
		};
		2A05F26F253BBE6D001EA2AB /* Utilities */ = {
			isa = PBXGroup;
			children = (
				2ACAB6D2253CC8F10074E28B /* UIHelper.swift */,
				2ACAB6E3253D00FA0074E28B /* GFError.swift */,
				2A6C4B6F253D11CD0053776D /* Constants.swift */,
			);
			path = Utilities;
			sourceTree = "<group>";
		};
		2ACAB6CD253CA4810074E28B /* Cells */ = {
			isa = PBXGroup;
			children = (
				2ACAB6CA253CA4740074E28B /* FollowerCell.swift */,
			);
			path = Cells;
			sourceTree = "<group>";
		};
		2ACAB6D5253CE1950074E28B /* Views */ = {
			isa = PBXGroup;
			children = (
				2AD855B1253B9D6D00EB759B /* GFContainerView.swift */,
				2ACAB6DB253CE20E0074E28B /* GFEmptyStateView.swift */,
				2A6C4B72253E1F270053776D /* GFItemInfoView.swift */,
			);
			path = Views;
			sourceTree = "<group>";
		};
		2ACAB6D6253CE19C0074E28B /* Buttons */ = {
			isa = PBXGroup;
			children = (
				2AD8559F253B662100EB759B /* GFButton.swift */,
			);
			path = Buttons;
			sourceTree = "<group>";
		};
		2ACAB6D7253CE1A20074E28B /* TextFields */ = {
			isa = PBXGroup;
			children = (
				2AD855A2253B6B7500EB759B /* GFTextField.swift */,
			);
			path = TextFields;
			sourceTree = "<group>";
		};
		2ACAB6D8253CE1AA0074E28B /* ImageViews */ = {
			isa = PBXGroup;
			children = (
				2ACAB6CF253CA5750074E28B /* GFAvatarImageView.swift */,
			);
			path = ImageViews;
			sourceTree = "<group>";
		};
		2ACAB6D9253CE1B20074E28B /* ViewControllers */ = {
			isa = PBXGroup;
			children = (
				2AD855AE253B962F00EB759B /* GFAlertVC.swift */,
				2ACAB6E6253D06A00074E28B /* GFUserInfoHeaderVC.swift */,
				2A6C4B75253E24600053776D /* GFItemInfoVC.swift */,
			);
			path = ViewControllers;
			sourceTree = "<group>";
		};
		2ACAB6DA253CE1C50074E28B /* Labels */ = {
			isa = PBXGroup;
			children = (
				2AD855A8253B918F00EB759B /* GFTitleLabel.swift */,
				2AD855AB253B93A900EB759B /* GFBodyLabel.swift */,
				2ACAB6E9253D07000074E28B /* GFSecondaryTitleLabel.swift */,
			);
			path = Labels;
			sourceTree = "<group>";
		};
		2AD85573253B498600EB759B = {
			isa = PBXGroup;
			children = (
				2AD8557E253B498600EB759B /* GitHubFollowers */,
				2AD8557D253B498600EB759B /* Products */,
			);
			sourceTree = "<group>";
		};
		2AD8557D253B498600EB759B /* Products */ = {
			isa = PBXGroup;
			children = (
				2AD8557C253B498600EB759B /* GitHubFollowers.app */,
			);
			name = Products;
			sourceTree = "<group>";
		};
		2AD8557E253B498600EB759B /* GitHubFollowers */ = {
			isa = PBXGroup;
			children = (
				2A05F26F253BBE6D001EA2AB /* Utilities */,
				2A05F26A253BB465001EA2AB /* Managers */,
				2AD855BD253BAAEA00EB759B /* Model */,
				2AD855BB253BA76D00EB759B /* Support */,
				2AD855BA253BA71000EB759B /* Extensions */,
				2AD855B9253BA6DD00EB759B /* CustomViews */,
				2AD855B8253BA6AB00EB759B /* Screens */,
				2AD8558D253B498A00EB759B /* Info.plist */,
			);
			path = GitHubFollowers;
			sourceTree = "<group>";
		};
		2AD855B8253BA6AB00EB759B /* Screens */ = {
			isa = PBXGroup;
			children = (
				2AD85597253B552C00EB759B /* SearchVC.swift */,
				2AD8559B253B556300EB759B /* FavoritesListVC.swift */,
				2AD855A5253B83E900EB759B /* FollowerListVC.swift */,
				2ACAB6DF253CF80D0074E28B /* UserInfoVC.swift */,
			);
			path = Screens;
			sourceTree = "<group>";
		};
		2AD855B9253BA6DD00EB759B /* CustomViews */ = {
			isa = PBXGroup;
			children = (
				2ACAB6DA253CE1C50074E28B /* Labels */,
				2ACAB6D9253CE1B20074E28B /* ViewControllers */,
				2ACAB6D8253CE1AA0074E28B /* ImageViews */,
				2ACAB6D7253CE1A20074E28B /* TextFields */,
				2ACAB6D6253CE19C0074E28B /* Buttons */,
				2ACAB6D5253CE1950074E28B /* Views */,
				2ACAB6CD253CA4810074E28B /* Cells */,
			);
			path = CustomViews;
			sourceTree = "<group>";
		};
		2AD855BA253BA71000EB759B /* Extensions */ = {
			isa = PBXGroup;
			children = (
				2AD855B5253B9F2200EB759B /* UIViewController+Extension.swift */,
			);
			path = Extensions;
			sourceTree = "<group>";
		};
		2AD855BB253BA76D00EB759B /* Support */ = {
			isa = PBXGroup;
			children = (
				2AD8557F253B498600EB759B /* AppDelegate.swift */,
				2AD85581253B498600EB759B /* SceneDelegate.swift */,
				2AD85588253B498A00EB759B /* Assets.xcassets */,
				2AD8558A253B498A00EB759B /* LaunchScreen.storyboard */,
			);
			path = Support;
			sourceTree = "<group>";
		};
		2AD855BD253BAAEA00EB759B /* Model */ = {
			isa = PBXGroup;
			children = (
				2AD855BE253BAAF900EB759B /* Follower.swift */,
				2AD855C2253BAEA800EB759B /* User.swift */,
			);
			path = Model;
			sourceTree = "<group>";
		};
/* End PBXGroup section */

/* Begin PBXNativeTarget section */
		2AD8557B253B498600EB759B /* GitHubFollowers */ = {
			isa = PBXNativeTarget;
			buildConfigurationList = 2AD85590253B498A00EB759B /* Build configuration list for PBXNativeTarget "GitHubFollowers" */;
			buildPhases = (
				2AD85578253B498600EB759B /* Sources */,
				2AD85579253B498600EB759B /* Frameworks */,
				2AD8557A253B498600EB759B /* Resources */,
			);
			buildRules = (
			);
			dependencies = (
			);
			name = GitHubFollowers;
			productName = GitHubFollowers;
			productReference = 2AD8557C253B498600EB759B /* GitHubFollowers.app */;
			productType = "com.apple.product-type.application";
		};
/* End PBXNativeTarget section */

/* Begin PBXProject section */
		2AD85574253B498600EB759B /* Project object */ = {
			isa = PBXProject;
			attributes = {
				LastSwiftUpdateCheck = 1200;
				LastUpgradeCheck = 1200;
				TargetAttributes = {
					2AD8557B253B498600EB759B = {
						CreatedOnToolsVersion = 12.0.1;
					};
				};
			};
			buildConfigurationList = 2AD85577253B498600EB759B /* Build configuration list for PBXProject "GitHubFollowers" */;
			compatibilityVersion = "Xcode 9.3";
			developmentRegion = en;
			hasScannedForEncodings = 0;
			knownRegions = (
				en,
				Base,
			);
			mainGroup = 2AD85573253B498600EB759B;
			productRefGroup = 2AD8557D253B498600EB759B /* Products */;
			projectDirPath = "";
			projectRoot = "";
			targets = (
				2AD8557B253B498600EB759B /* GitHubFollowers */,
			);
		};
/* End PBXProject section */

/* Begin PBXResourcesBuildPhase section */
		2AD8557A253B498600EB759B /* Resources */ = {
			isa = PBXResourcesBuildPhase;
			buildActionMask = 2147483647;
			files = (
				2AD8558C253B498A00EB759B /* LaunchScreen.storyboard in Resources */,
				2AD85589253B498A00EB759B /* Assets.xcassets in Resources */,
			);
			runOnlyForDeploymentPostprocessing = 0;
		};
/* End PBXResourcesBuildPhase section */

/* Begin PBXSourcesBuildPhase section */
		2AD85578253B498600EB759B /* Sources */ = {
			isa = PBXSourcesBuildPhase;
			buildActionMask = 2147483647;
			files = (
				2AD855B6253B9F2200EB759B /* UIViewController+Extension.swift in Sources */,
				2AD855A3253B6B7500EB759B /* GFTextField.swift in Sources */,
				2AD85598253B552C00EB759B /* SearchVC.swift in Sources */,
				2ACAB6E7253D06A10074E28B /* GFUserInfoHeaderVC.swift in Sources */,
				2AD855A0253B662100EB759B /* GFButton.swift in Sources */,
				2AD85580253B498600EB759B /* AppDelegate.swift in Sources */,
				2ACAB6DC253CE20E0074E28B /* GFEmptyStateView.swift in Sources */,
				2ACAB6EA253D07000074E28B /* GFSecondaryTitleLabel.swift in Sources */,
				2AD855AF253B962F00EB759B /* GFAlertVC.swift in Sources */,
				2AD855C3253BAEA800EB759B /* User.swift in Sources */,
				2ACAB6E4253D00FA0074E28B /* GFError.swift in Sources */,
				2ACAB6CB253CA4750074E28B /* FollowerCell.swift in Sources */,
				2ACAB6D0253CA5750074E28B /* GFAvatarImageView.swift in Sources */,
				2AD855AC253B93A900EB759B /* GFBodyLabel.swift in Sources */,
				2ACAB6E0253CF80E0074E28B /* UserInfoVC.swift in Sources */,
				2AD855BF253BAAF900EB759B /* Follower.swift in Sources */,
				2AD855A9253B918F00EB759B /* GFTitleLabel.swift in Sources */,
				2AD855A6253B83E900EB759B /* FollowerListVC.swift in Sources */,
				2A6C4B76253E24600053776D /* GFItemInfoVC.swift in Sources */,
				2AD8559C253B556300EB759B /* FavoritesListVC.swift in Sources */,
				2ACAB6D3253CC8F10074E28B /* UIHelper.swift in Sources */,
				2A05F26C253BB480001EA2AB /* NetworkManager.swift in Sources */,
				2AD85582253B498600EB759B /* SceneDelegate.swift in Sources */,
				2A6C4B73253E1F270053776D /* GFItemInfoView.swift in Sources */,
				2AD855B2253B9D6D00EB759B /* GFContainerView.swift in Sources */,
				2A6C4B70253D11CD0053776D /* Constants.swift in Sources */,
			);
			runOnlyForDeploymentPostprocessing = 0;
		};
/* End PBXSourcesBuildPhase section */

/* Begin PBXVariantGroup section */
		2AD8558A253B498A00EB759B /* LaunchScreen.storyboard */ = {
			isa = PBXVariantGroup;
			children = (
				2AD8558B253B498A00EB759B /* Base */,
			);
			name = LaunchScreen.storyboard;
			sourceTree = "<group>";
		};
/* End PBXVariantGroup section */

/* Begin XCBuildConfiguration section */
		2AD8558E253B498A00EB759B /* Debug */ = {
			isa = XCBuildConfiguration;
			buildSettings = {
				ALWAYS_SEARCH_USER_PATHS = NO;
				CLANG_ANALYZER_NONNULL = YES;
				CLANG_ANALYZER_NUMBER_OBJECT_CONVERSION = YES_AGGRESSIVE;
				CLANG_CXX_LANGUAGE_STANDARD = "gnu++14";
				CLANG_CXX_LIBRARY = "libc++";
				CLANG_ENABLE_MODULES = YES;
				CLANG_ENABLE_OBJC_ARC = YES;
				CLANG_ENABLE_OBJC_WEAK = YES;
				CLANG_WARN_BLOCK_CAPTURE_AUTORELEASING = YES;
				CLANG_WARN_BOOL_CONVERSION = YES;
				CLANG_WARN_COMMA = YES;
				CLANG_WARN_CONSTANT_CONVERSION = YES;
				CLANG_WARN_DEPRECATED_OBJC_IMPLEMENTATIONS = YES;
				CLANG_WARN_DIRECT_OBJC_ISA_USAGE = YES_ERROR;
				CLANG_WARN_DOCUMENTATION_COMMENTS = YES;
				CLANG_WARN_EMPTY_BODY = YES;
				CLANG_WARN_ENUM_CONVERSION = YES;
				CLANG_WARN_INFINITE_RECURSION = YES;
				CLANG_WARN_INT_CONVERSION = YES;
				CLANG_WARN_NON_LITERAL_NULL_CONVERSION = YES;
				CLANG_WARN_OBJC_IMPLICIT_RETAIN_SELF = YES;
				CLANG_WARN_OBJC_LITERAL_CONVERSION = YES;
				CLANG_WARN_OBJC_ROOT_CLASS = YES_ERROR;
				CLANG_WARN_QUOTED_INCLUDE_IN_FRAMEWORK_HEADER = YES;
				CLANG_WARN_RANGE_LOOP_ANALYSIS = YES;
				CLANG_WARN_STRICT_PROTOTYPES = YES;
				CLANG_WARN_SUSPICIOUS_MOVE = YES;
				CLANG_WARN_UNGUARDED_AVAILABILITY = YES_AGGRESSIVE;
				CLANG_WARN_UNREACHABLE_CODE = YES;
				CLANG_WARN__DUPLICATE_METHOD_MATCH = YES;
				COPY_PHASE_STRIP = NO;
				DEBUG_INFORMATION_FORMAT = dwarf;
				ENABLE_STRICT_OBJC_MSGSEND = YES;
				ENABLE_TESTABILITY = YES;
				GCC_C_LANGUAGE_STANDARD = gnu11;
				GCC_DYNAMIC_NO_PIC = NO;
				GCC_NO_COMMON_BLOCKS = YES;
				GCC_OPTIMIZATION_LEVEL = 0;
				GCC_PREPROCESSOR_DEFINITIONS = (
					"DEBUG=1",
					"$(inherited)",
				);
				GCC_WARN_64_TO_32_BIT_CONVERSION = YES;
				GCC_WARN_ABOUT_RETURN_TYPE = YES_ERROR;
				GCC_WARN_UNDECLARED_SELECTOR = YES;
				GCC_WARN_UNINITIALIZED_AUTOS = YES_AGGRESSIVE;
				GCC_WARN_UNUSED_FUNCTION = YES;
				GCC_WARN_UNUSED_VARIABLE = YES;
				IPHONEOS_DEPLOYMENT_TARGET = 14.0;
				MTL_ENABLE_DEBUG_INFO = INCLUDE_SOURCE;
				MTL_FAST_MATH = YES;
				ONLY_ACTIVE_ARCH = YES;
				SDKROOT = iphoneos;
				SWIFT_ACTIVE_COMPILATION_CONDITIONS = DEBUG;
				SWIFT_OPTIMIZATION_LEVEL = "-Onone";
			};
			name = Debug;
		};
		2AD8558F253B498A00EB759B /* Release */ = {
			isa = XCBuildConfiguration;
			buildSettings = {
				ALWAYS_SEARCH_USER_PATHS = NO;
				CLANG_ANALYZER_NONNULL = YES;
				CLANG_ANALYZER_NUMBER_OBJECT_CONVERSION = YES_AGGRESSIVE;
				CLANG_CXX_LANGUAGE_STANDARD = "gnu++14";
				CLANG_CXX_LIBRARY = "libc++";
				CLANG_ENABLE_MODULES = YES;
				CLANG_ENABLE_OBJC_ARC = YES;
				CLANG_ENABLE_OBJC_WEAK = YES;
				CLANG_WARN_BLOCK_CAPTURE_AUTORELEASING = YES;
				CLANG_WARN_BOOL_CONVERSION = YES;
				CLANG_WARN_COMMA = YES;
				CLANG_WARN_CONSTANT_CONVERSION = YES;
				CLANG_WARN_DEPRECATED_OBJC_IMPLEMENTATIONS = YES;
				CLANG_WARN_DIRECT_OBJC_ISA_USAGE = YES_ERROR;
				CLANG_WARN_DOCUMENTATION_COMMENTS = YES;
				CLANG_WARN_EMPTY_BODY = YES;
				CLANG_WARN_ENUM_CONVERSION = YES;
				CLANG_WARN_INFINITE_RECURSION = YES;
				CLANG_WARN_INT_CONVERSION = YES;
				CLANG_WARN_NON_LITERAL_NULL_CONVERSION = YES;
				CLANG_WARN_OBJC_IMPLICIT_RETAIN_SELF = YES;
				CLANG_WARN_OBJC_LITERAL_CONVERSION = YES;
				CLANG_WARN_OBJC_ROOT_CLASS = YES_ERROR;
				CLANG_WARN_QUOTED_INCLUDE_IN_FRAMEWORK_HEADER = YES;
				CLANG_WARN_RANGE_LOOP_ANALYSIS = YES;
				CLANG_WARN_STRICT_PROTOTYPES = YES;
				CLANG_WARN_SUSPICIOUS_MOVE = YES;
				CLANG_WARN_UNGUARDED_AVAILABILITY = YES_AGGRESSIVE;
				CLANG_WARN_UNREACHABLE_CODE = YES;
				CLANG_WARN__DUPLICATE_METHOD_MATCH = YES;
				COPY_PHASE_STRIP = NO;
				DEBUG_INFORMATION_FORMAT = "dwarf-with-dsym";
				ENABLE_NS_ASSERTIONS = NO;
				ENABLE_STRICT_OBJC_MSGSEND = YES;
				GCC_C_LANGUAGE_STANDARD = gnu11;
				GCC_NO_COMMON_BLOCKS = YES;
				GCC_WARN_64_TO_32_BIT_CONVERSION = YES;
				GCC_WARN_ABOUT_RETURN_TYPE = YES_ERROR;
				GCC_WARN_UNDECLARED_SELECTOR = YES;
				GCC_WARN_UNINITIALIZED_AUTOS = YES_AGGRESSIVE;
				GCC_WARN_UNUSED_FUNCTION = YES;
				GCC_WARN_UNUSED_VARIABLE = YES;
				IPHONEOS_DEPLOYMENT_TARGET = 14.0;
				MTL_ENABLE_DEBUG_INFO = NO;
				MTL_FAST_MATH = YES;
				SDKROOT = iphoneos;
				SWIFT_COMPILATION_MODE = wholemodule;
				SWIFT_OPTIMIZATION_LEVEL = "-O";
				VALIDATE_PRODUCT = YES;
			};
			name = Release;
		};
		2AD85591253B498A00EB759B /* Debug */ = {
			isa = XCBuildConfiguration;
			buildSettings = {
				ASSETCATALOG_COMPILER_APPICON_NAME = AppIcon;
				ASSETCATALOG_COMPILER_GLOBAL_ACCENT_COLOR_NAME = AccentColor;
				CODE_SIGN_STYLE = Automatic;
				DEVELOPMENT_TEAM = J5JU6545CU;
				INFOPLIST_FILE = GitHubFollowers/Info.plist;
				LD_RUNPATH_SEARCH_PATHS = (
					"$(inherited)",
					"@executable_path/Frameworks",
				);
				PRODUCT_BUNDLE_IDENTIFIER = com.SGB.GitHubFollowers;
				PRODUCT_NAME = "$(TARGET_NAME)";
				SWIFT_VERSION = 5.0;
				TARGETED_DEVICE_FAMILY = 1;
			};
			name = Debug;
		};
		2AD85592253B498A00EB759B /* Release */ = {
			isa = XCBuildConfiguration;
			buildSettings = {
				ASSETCATALOG_COMPILER_APPICON_NAME = AppIcon;
				ASSETCATALOG_COMPILER_GLOBAL_ACCENT_COLOR_NAME = AccentColor;
				CODE_SIGN_STYLE = Automatic;
				DEVELOPMENT_TEAM = J5JU6545CU;
				INFOPLIST_FILE = GitHubFollowers/Info.plist;
				LD_RUNPATH_SEARCH_PATHS = (
					"$(inherited)",
					"@executable_path/Frameworks",
				);
				PRODUCT_BUNDLE_IDENTIFIER = com.SGB.GitHubFollowers;
				PRODUCT_NAME = "$(TARGET_NAME)";
				SWIFT_VERSION = 5.0;
				TARGETED_DEVICE_FAMILY = 1;
			};
			name = Release;
		};
/* End XCBuildConfiguration section */

/* Begin XCConfigurationList section */
		2AD85577253B498600EB759B /* Build configuration list for PBXProject "GitHubFollowers" */ = {
			isa = XCConfigurationList;
			buildConfigurations = (
				2AD8558E253B498A00EB759B /* Debug */,
				2AD8558F253B498A00EB759B /* Release */,
			);
			defaultConfigurationIsVisible = 0;
			defaultConfigurationName = Release;
		};
		2AD85590253B498A00EB759B /* Build configuration list for PBXNativeTarget "GitHubFollowers" */ = {
			isa = XCConfigurationList;
			buildConfigurations = (
				2AD85591253B498A00EB759B /* Debug */,
				2AD85592253B498A00EB759B /* Release */,
			);
			defaultConfigurationIsVisible = 0;
			defaultConfigurationName = Release;
		};
/* End XCConfigurationList section */
	};
	rootObject = 2AD85574253B498600EB759B /* Project object */;
}
